// !$*UTF8*$!
{
	archiveVersion = 1;
	classes = {
	};
	objectVersion = 46;
	objects = {

/* Begin PBXBuildFile section */
		37F0A2B91AD2F669001FC72D /* arrow.png in Resources */ = {isa = PBXBuildFile; fileRef = 37F0A2B41AD2F669001FC72D /* arrow.png */; };
		37F0A2BA1AD2F669001FC72D /* forw.png in Resources */ = {isa = PBXBuildFile; fileRef = 37F0A2B51AD2F669001FC72D /* forw.png */; };
		37F0A2BB1AD2F669001FC72D /* memory.png in Resources */ = {isa = PBXBuildFile; fileRef = 37F0A2B61AD2F669001FC72D /* memory.png */; };
		37F0A2BC1AD2F669001FC72D /* play.png in Resources */ = {isa = PBXBuildFile; fileRef = 37F0A2B71AD2F669001FC72D /* play.png */; };
		37F0A2BD1AD2F669001FC72D /* prev.png in Resources */ = {isa = PBXBuildFile; fileRef = 37F0A2B81AD2F669001FC72D /* prev.png */; };
		7E19876C1ADC738C0045D883 /* Property List.plist in Resources */ = {isa = PBXBuildFile; fileRef = 7E19876B1ADC738C0045D883 /* Property List.plist */; };
		7E74F08B1AC09A7200639AB3 /* main.m in Sources */ = {isa = PBXBuildFile; fileRef = 7E74F08A1AC09A7200639AB3 /* main.m */; };
		7E74F08E1AC09A7200639AB3 /* AppDelegate.m in Sources */ = {isa = PBXBuildFile; fileRef = 7E74F08D1AC09A7200639AB3 /* AppDelegate.m */; };
		7E74F0911AC09A7200639AB3 /* ViewController.m in Sources */ = {isa = PBXBuildFile; fileRef = 7E74F0901AC09A7200639AB3 /* ViewController.m */; };
		7E74F0941AC09A7200639AB3 /* Main.storyboard in Resources */ = {isa = PBXBuildFile; fileRef = 7E74F0921AC09A7200639AB3 /* Main.storyboard */; };
		7E74F0961AC09A7200639AB3 /* Images.xcassets in Resources */ = {isa = PBXBuildFile; fileRef = 7E74F0951AC09A7200639AB3 /* Images.xcassets */; };
		7E74F0991AC09A7200639AB3 /* LaunchScreen.xib in Resources */ = {isa = PBXBuildFile; fileRef = 7E74F0971AC09A7200639AB3 /* LaunchScreen.xib */; };
		7E74F0A51AC09A7200639AB3 /* function_simTests.m in Sources */ = {isa = PBXBuildFile; fileRef = 7E74F0A41AC09A7200639AB3 /* function_simTests.m */; };
		7ECBAD631AC393A90060AC71 /* Inconsolata.otf in Resources */ = {isa = PBXBuildFile; fileRef = 7ECBAD621AC393A90060AC71 /* Inconsolata.otf */; };
/* End PBXBuildFile section */

/* Begin PBXContainerItemProxy section */
		7E74F09F1AC09A7200639AB3 /* PBXContainerItemProxy */ = {
			isa = PBXContainerItemProxy;
			containerPortal = 7E74F07D1AC09A7200639AB3 /* Project object */;
			proxyType = 1;
			remoteGlobalIDString = 7E74F0841AC09A7200639AB3;
			remoteInfo = function_sim;
		};
/* End PBXContainerItemProxy section */

/* Begin PBXFileReference section */
		37F0A2B41AD2F669001FC72D /* arrow.png */ = {isa = PBXFileReference; lastKnownFileType = image.png; path = arrow.png; sourceTree = "<group>"; };
		37F0A2B51AD2F669001FC72D /* forw.png */ = {isa = PBXFileReference; lastKnownFileType = image.png; path = forw.png; sourceTree = "<group>"; };
		37F0A2B61AD2F669001FC72D /* memory.png */ = {isa = PBXFileReference; lastKnownFileType = image.png; path = memory.png; sourceTree = "<group>"; };
		37F0A2B71AD2F669001FC72D /* play.png */ = {isa = PBXFileReference; lastKnownFileType = image.png; path = play.png; sourceTree = "<group>"; };
		37F0A2B81AD2F669001FC72D /* prev.png */ = {isa = PBXFileReference; lastKnownFileType = image.png; path = prev.png; sourceTree = "<group>"; };
		7E19876B1ADC738C0045D883 /* Property List.plist */ = {isa = PBXFileReference; fileEncoding = 4; lastKnownFileType = text.plist.xml; path = "Property List.plist"; sourceTree = "<group>"; };
		7E74F0851AC09A7200639AB3 /* function_sim.app */ = {isa = PBXFileReference; explicitFileType = wrapper.application; includeInIndex = 0; path = function_sim.app; sourceTree = BUILT_PRODUCTS_DIR; };
		7E74F0891AC09A7200639AB3 /* Info.plist */ = {isa = PBXFileReference; lastKnownFileType = text.plist.xml; path = Info.plist; sourceTree = "<group>"; };
		7E74F08A1AC09A7200639AB3 /* main.m */ = {isa = PBXFileReference; lastKnownFileType = sourcecode.c.objc; path = main.m; sourceTree = "<group>"; };
		7E74F08C1AC09A7200639AB3 /* AppDelegate.h */ = {isa = PBXFileReference; lastKnownFileType = sourcecode.c.h; path = AppDelegate.h; sourceTree = "<group>"; };
		7E74F08D1AC09A7200639AB3 /* AppDelegate.m */ = {isa = PBXFileReference; lastKnownFileType = sourcecode.c.objc; path = AppDelegate.m; sourceTree = "<group>"; };
		7E74F08F1AC09A7200639AB3 /* ViewController.h */ = {isa = PBXFileReference; lastKnownFileType = sourcecode.c.h; path = ViewController.h; sourceTree = "<group>"; };
		7E74F0901AC09A7200639AB3 /* ViewController.m */ = {isa = PBXFileReference; lastKnownFileType = sourcecode.c.objc; path = ViewController.m; sourceTree = "<group>"; };
		7E74F0931AC09A7200639AB3 /* Base */ = {isa = PBXFileReference; lastKnownFileType = file.storyboard; name = Base; path = Base.lproj/Main.storyboard; sourceTree = "<group>"; };
		7E74F0951AC09A7200639AB3 /* Images.xcassets */ = {isa = PBXFileReference; lastKnownFileType = folder.assetcatalog; path = Images.xcassets; sourceTree = "<group>"; };
		7E74F0981AC09A7200639AB3 /* Base */ = {isa = PBXFileReference; lastKnownFileType = file.xib; name = Base; path = Base.lproj/LaunchScreen.xib; sourceTree = "<group>"; };
		7E74F09E1AC09A7200639AB3 /* function_simTests.xctest */ = {isa = PBXFileReference; explicitFileType = wrapper.cfbundle; includeInIndex = 0; path = function_simTests.xctest; sourceTree = BUILT_PRODUCTS_DIR; };
		7E74F0A31AC09A7200639AB3 /* Info.plist */ = {isa = PBXFileReference; lastKnownFileType = text.plist.xml; path = Info.plist; sourceTree = "<group>"; };
		7E74F0A41AC09A7200639AB3 /* function_simTests.m */ = {isa = PBXFileReference; lastKnownFileType = sourcecode.c.objc; path = function_simTests.m; sourceTree = "<group>"; };
		7ECBAD621AC393A90060AC71 /* Inconsolata.otf */ = {isa = PBXFileReference; lastKnownFileType = file; path = Inconsolata.otf; sourceTree = "<group>"; };
/* End PBXFileReference section */

/* Begin PBXFrameworksBuildPhase section */
		7E74F0821AC09A7200639AB3 /* Frameworks */ = {
			isa = PBXFrameworksBuildPhase;
			buildActionMask = 2147483647;
			files = (
			);
			runOnlyForDeploymentPostprocessing = 0;
		};
		7E74F09B1AC09A7200639AB3 /* Frameworks */ = {
			isa = PBXFrameworksBuildPhase;
			buildActionMask = 2147483647;
			files = (
			);
			runOnlyForDeploymentPostprocessing = 0;
		};
/* End PBXFrameworksBuildPhase section */

/* Begin PBXGroup section */
		370D07571AC78C2200EC9BED /* images */ = {
			isa = PBXGroup;
			children = (
				37F0A2B41AD2F669001FC72D /* arrow.png */,
				37F0A2B51AD2F669001FC72D /* forw.png */,
				37F0A2B61AD2F669001FC72D /* memory.png */,
				37F0A2B71AD2F669001FC72D /* play.png */,
				37F0A2B81AD2F669001FC72D /* prev.png */,
			);
			name = images;
			sourceTree = "<group>";
		};
		7E74F07C1AC09A7200639AB3 = {
			isa = PBXGroup;
			children = (
				7E74F0871AC09A7200639AB3 /* function_sim */,
				7E74F0A11AC09A7200639AB3 /* function_simTests */,
				7E74F0861AC09A7200639AB3 /* Products */,
			);
			sourceTree = "<group>";
		};
		7E74F0861AC09A7200639AB3 /* Products */ = {
			isa = PBXGroup;
			children = (
				7E74F0851AC09A7200639AB3 /* function_sim.app */,
				7E74F09E1AC09A7200639AB3 /* function_simTests.xctest */,
			);
			name = Products;
			sourceTree = "<group>";
		};
		7E74F0871AC09A7200639AB3 /* function_sim */ = {
			isa = PBXGroup;
			children = (
				370D07571AC78C2200EC9BED /* images */,
				7E74F08C1AC09A7200639AB3 /* AppDelegate.h */,
				7E74F08D1AC09A7200639AB3 /* AppDelegate.m */,
				7E74F08F1AC09A7200639AB3 /* ViewController.h */,
				7E74F0901AC09A7200639AB3 /* ViewController.m */,
				7E19876B1ADC738C0045D883 /* Property List.plist */,
				7E74F0921AC09A7200639AB3 /* Main.storyboard */,
				7E74F0951AC09A7200639AB3 /* Images.xcassets */,
				7E74F0971AC09A7200639AB3 /* LaunchScreen.xib */,
				7E74F0881AC09A7200639AB3 /* Supporting Files */,
			);
			path = function_sim;
			sourceTree = "<group>";
		};
		7E74F0881AC09A7200639AB3 /* Supporting Files */ = {
			isa = PBXGroup;
			children = (
				7ECBAD621AC393A90060AC71 /* Inconsolata.otf */,
				7E74F0891AC09A7200639AB3 /* Info.plist */,
				7E74F08A1AC09A7200639AB3 /* main.m */,
			);
			name = "Supporting Files";
			sourceTree = "<group>";
		};
		7E74F0A11AC09A7200639AB3 /* function_simTests */ = {
			isa = PBXGroup;
			children = (
				7E74F0A41AC09A7200639AB3 /* function_simTests.m */,
				7E74F0A21AC09A7200639AB3 /* Supporting Files */,
			);
			path = function_simTests;
			sourceTree = "<group>";
		};
		7E74F0A21AC09A7200639AB3 /* Supporting Files */ = {
			isa = PBXGroup;
			children = (
				7E74F0A31AC09A7200639AB3 /* Info.plist */,
			);
			name = "Supporting Files";
			sourceTree = "<group>";
		};
/* End PBXGroup section */

/* Begin PBXNativeTarget section */
		7E74F0841AC09A7200639AB3 /* function_sim */ = {
			isa = PBXNativeTarget;
			buildConfigurationList = 7E74F0A81AC09A7200639AB3 /* Build configuration list for PBXNativeTarget "function_sim" */;
			buildPhases = (
				7E74F0811AC09A7200639AB3 /* Sources */,
				7E74F0821AC09A7200639AB3 /* Frameworks */,
				7E74F0831AC09A7200639AB3 /* Resources */,
			);
			buildRules = (
			);
			dependencies = (
			);
			name = function_sim;
			productName = function_sim;
			productReference = 7E74F0851AC09A7200639AB3 /* function_sim.app */;
			productType = "com.apple.product-type.application";
		};
		7E74F09D1AC09A7200639AB3 /* function_simTests */ = {
			isa = PBXNativeTarget;
			buildConfigurationList = 7E74F0AB1AC09A7200639AB3 /* Build configuration list for PBXNativeTarget "function_simTests" */;
			buildPhases = (
				7E74F09A1AC09A7200639AB3 /* Sources */,
				7E74F09B1AC09A7200639AB3 /* Frameworks */,
				7E74F09C1AC09A7200639AB3 /* Resources */,
			);
			buildRules = (
			);
			dependencies = (
				7E74F0A01AC09A7200639AB3 /* PBXTargetDependency */,
			);
			name = function_simTests;
			productName = function_simTests;
			productReference = 7E74F09E1AC09A7200639AB3 /* function_simTests.xctest */;
			productType = "com.apple.product-type.bundle.unit-test";
		};
/* End PBXNativeTarget section */

/* Begin PBXProject section */
		7E74F07D1AC09A7200639AB3 /* Project object */ = {
			isa = PBXProject;
			attributes = {
				LastUpgradeCheck = 0620;
				ORGANIZATIONNAME = "Diego Garza";
				TargetAttributes = {
					7E74F0841AC09A7200639AB3 = {
						CreatedOnToolsVersion = 6.2;
					};
					7E74F09D1AC09A7200639AB3 = {
						CreatedOnToolsVersion = 6.2;
						TestTargetID = 7E74F0841AC09A7200639AB3;
					};
				};
			};
			buildConfigurationList = 7E74F0801AC09A7200639AB3 /* Build configuration list for PBXProject "function_sim" */;
			compatibilityVersion = "Xcode 3.2";
			developmentRegion = English;
			hasScannedForEncodings = 0;
			knownRegions = (
				en,
				Base,
			);
			mainGroup = 7E74F07C1AC09A7200639AB3;
			productRefGroup = 7E74F0861AC09A7200639AB3 /* Products */;
			projectDirPath = "";
			projectRoot = "";
			targets = (
				7E74F0841AC09A7200639AB3 /* function_sim */,
				7E74F09D1AC09A7200639AB3 /* function_simTests */,
			);
		};
/* End PBXProject section */

/* Begin PBXResourcesBuildPhase section */
		7E74F0831AC09A7200639AB3 /* Resources */ = {
			isa = PBXResourcesBuildPhase;
			buildActionMask = 2147483647;
			files = (
				37F0A2BB1AD2F669001FC72D /* memory.png in Resources */,
				37F0A2B91AD2F669001FC72D /* arrow.png in Resources */,
				7E74F0941AC09A7200639AB3 /* Main.storyboard in Resources */,
				7ECBAD631AC393A90060AC71 /* Inconsolata.otf in Resources */,
				7E74F0991AC09A7200639AB3 /* LaunchScreen.xib in Resources */,
				37F0A2BD1AD2F669001FC72D /* prev.png in Resources */,
				7E74F0961AC09A7200639AB3 /* Images.xcassets in Resources */,
				37F0A2BC1AD2F669001FC72D /* play.png in Resources */,
				7E19876C1ADC738C0045D883 /* Property List.plist in Resources */,
				37F0A2BA1AD2F669001FC72D /* forw.png in Resources */,
			);
			runOnlyForDeploymentPostprocessing = 0;
		};
		7E74F09C1AC09A7200639AB3 /* Resources */ = {
			isa = PBXResourcesBuildPhase;
			buildActionMask = 2147483647;
			files = (
			);
			runOnlyForDeploymentPostprocessing = 0;
		};
/* End PBXResourcesBuildPhase section */

/* Begin PBXSourcesBuildPhase section */
		7E74F0811AC09A7200639AB3 /* Sources */ = {
			isa = PBXSourcesBuildPhase;
			buildActionMask = 2147483647;
			files = (
				7E74F0911AC09A7200639AB3 /* ViewController.m in Sources */,
				7E74F08E1AC09A7200639AB3 /* AppDelegate.m in Sources */,
				7E74F08B1AC09A7200639AB3 /* main.m in Sources */,
			);
			runOnlyForDeploymentPostprocessing = 0;
		};
		7E74F09A1AC09A7200639AB3 /* Sources */ = {
			isa = PBXSourcesBuildPhase;
			buildActionMask = 2147483647;
			files = (
				7E74F0A51AC09A7200639AB3 /* function_simTests.m in Sources */,
			);
			runOnlyForDeploymentPostprocessing = 0;
		};
/* End PBXSourcesBuildPhase section */

/* Begin PBXTargetDependency section */
		7E74F0A01AC09A7200639AB3 /* PBXTargetDependency */ = {
			isa = PBXTargetDependency;
			target = 7E74F0841AC09A7200639AB3 /* function_sim */;
			targetProxy = 7E74F09F1AC09A7200639AB3 /* PBXContainerItemProxy */;
		};
/* End PBXTargetDependency section */

/* Begin PBXVariantGroup section */
		7E74F0921AC09A7200639AB3 /* Main.storyboard */ = {
			isa = PBXVariantGroup;
			children = (
				7E74F0931AC09A7200639AB3 /* Base */,
			);
			name = Main.storyboard;
			sourceTree = "<group>";
		};
		7E74F0971AC09A7200639AB3 /* LaunchScreen.xib */ = {
			isa = PBXVariantGroup;
			children = (
				7E74F0981AC09A7200639AB3 /* Base */,
			);
			name = LaunchScreen.xib;
			sourceTree = "<group>";
		};
/* End PBXVariantGroup section */

/* Begin XCBuildConfiguration section */
		7E74F0A61AC09A7200639AB3 /* Debug */ = {
			isa = XCBuildConfiguration;
			buildSettings = {
				ALWAYS_SEARCH_USER_PATHS = NO;
				CLANG_CXX_LANGUAGE_STANDARD = "gnu++0x";
				CLANG_CXX_LIBRARY = "libc++";
				CLANG_ENABLE_MODULES = YES;
				CLANG_ENABLE_OBJC_ARC = YES;
				CLANG_WARN_BOOL_CONVERSION = YES;
				CLANG_WARN_CONSTANT_CONVERSION = YES;
				CLANG_WARN_DIRECT_OBJC_ISA_USAGE = YES_ERROR;
				CLANG_WARN_EMPTY_BODY = YES;
				CLANG_WARN_ENUM_CONVERSION = YES;
				CLANG_WARN_INT_CONVERSION = YES;
				CLANG_WARN_OBJC_ROOT_CLASS = YES_ERROR;
				CLANG_WARN_UNREACHABLE_CODE = YES;
				CLANG_WARN__DUPLICATE_METHOD_MATCH = YES;
				"CODE_SIGN_IDENTITY[sdk=iphoneos*]" = "iPhone Developer";
				COPY_PHASE_STRIP = NO;
				ENABLE_STRICT_OBJC_MSGSEND = YES;
				GCC_C_LANGUAGE_STANDARD = gnu99;
				GCC_DYNAMIC_NO_PIC = NO;
				GCC_OPTIMIZATION_LEVEL = 0;
				GCC_PREPROCESSOR_DEFINITIONS = (
					"DEBUG=1",
					"$(inherited)",
				);
				GCC_SYMBOLS_PRIVATE_EXTERN = NO;
				GCC_WARN_64_TO_32_BIT_CONVERSION = YES;
				GCC_WARN_ABOUT_RETURN_TYPE = YES_ERROR;
				GCC_WARN_UNDECLARED_SELECTOR = YES;
				GCC_WARN_UNINITIALIZED_AUTOS = YES_AGGRESSIVE;
				GCC_WARN_UNUSED_FUNCTION = YES;
				GCC_WARN_UNUSED_VARIABLE = YES;
				IPHONEOS_DEPLOYMENT_TARGET = 8.2;
				MTL_ENABLE_DEBUG_INFO = YES;
				ONLY_ACTIVE_ARCH = YES;
				SDKROOT = iphoneos;
			};
			name = Debug;
		};
		7E74F0A71AC09A7200639AB3 /* Release */ = {
			isa = XCBuildConfiguration;
			buildSettings = {
				ALWAYS_SEARCH_USER_PATHS = NO;
				CLANG_CXX_LANGUAGE_STANDARD = "gnu++0x";
				CLANG_CXX_LIBRARY = "libc++";
				CLANG_ENABLE_MODULES = YES;
				CLANG_ENABLE_OBJC_ARC = YES;
				CLANG_WARN_BOOL_CONVERSION = YES;
				CLANG_WARN_CONSTANT_CONVERSION = YES;
				CLANG_WARN_DIRECT_OBJC_ISA_USAGE = YES_ERROR;
				CLANG_WARN_EMPTY_BODY = YES;
				CLANG_WARN_ENUM_CONVERSION = YES;
				CLANG_WARN_INT_CONVERSION = YES;
				CLANG_WARN_OBJC_ROOT_CLASS = YES_ERROR;
				CLANG_WARN_UNREACHABLE_CODE = YES;
				CLANG_WARN__DUPLICATE_METHOD_MATCH = YES;
				"CODE_SIGN_IDENTITY[sdk=iphoneos*]" = "iPhone Developer";
				COPY_PHASE_STRIP = NO;
				ENABLE_NS_ASSERTIONS = NO;
				ENABLE_STRICT_OBJC_MSGSEND = YES;
				GCC_C_LANGUAGE_STANDARD = gnu99;
				GCC_WARN_64_TO_32_BIT_CONVERSION = YES;
				GCC_WARN_ABOUT_RETURN_TYPE = YES_ERROR;
				GCC_WARN_UNDECLARED_SELECTOR = YES;
				GCC_WARN_UNINITIALIZED_AUTOS = YES_AGGRESSIVE;
				GCC_WARN_UNUSED_FUNCTION = YES;
				GCC_WARN_UNUSED_VARIABLE = YES;
				IPHONEOS_DEPLOYMENT_TARGET = 8.2;
				MTL_ENABLE_DEBUG_INFO = NO;
				SDKROOT = iphoneos;
				VALIDATE_PRODUCT = YES;
			};
			name = Release;
		};
		7E74F0A91AC09A7200639AB3 /* Debug */ = {
			isa = XCBuildConfiguration;
			buildSettings = {
				ASSETCATALOG_COMPILER_APPICON_NAME = AppIcon;
				INFOPLIST_FILE = function_sim/Info.plist;
				LD_RUNPATH_SEARCH_PATHS = "$(inherited) @executable_path/Frameworks";
				PRODUCT_NAME = "$(TARGET_NAME)";
				TARGETED_DEVICE_FAMILY = 2;
			};
			name = Debug;
		};
		7E74F0AA1AC09A7200639AB3 /* Release */ = {
			isa = XCBuildConfiguration;
			buildSettings = {
				ASSETCATALOG_COMPILER_APPICON_NAME = AppIcon;
				INFOPLIST_FILE = function_sim/Info.plist;
				LD_RUNPATH_SEARCH_PATHS = "$(inherited) @executable_path/Frameworks";
				PRODUCT_NAME = "$(TARGET_NAME)";
				TARGETED_DEVICE_FAMILY = 2;
			};
			name = Release;
		};
		7E74F0AC1AC09A7200639AB3 /* Debug */ = {
			isa = XCBuildConfiguration;
			buildSettings = {
				BUNDLE_LOADER = "$(TEST_HOST)";
				FRAMEWORK_SEARCH_PATHS = (
					"$(SDKROOT)/Developer/Library/Frameworks",
					"$(inherited)",
				);
				GCC_PREPROCESSOR_DEFINITIONS = (
					"DEBUG=1",
					"$(inherited)",
				);
				INFOPLIST_FILE = function_simTests/Info.plist;
				LD_RUNPATH_SEARCH_PATHS = "$(inherited) @executable_path/Frameworks @loader_path/Frameworks";
				PRODUCT_NAME = "$(TARGET_NAME)";
				TEST_HOST = "$(BUILT_PRODUCTS_DIR)/function_sim.app/function_sim";
			};
			name = Debug;
		};
		7E74F0AD1AC09A7200639AB3 /* Release */ = {
			isa = XCBuildConfiguration;
			buildSettings = {
				BUNDLE_LOADER = "$(TEST_HOST)";
				FRAMEWORK_SEARCH_PATHS = (
					"$(SDKROOT)/Developer/Library/Frameworks",
					"$(inherited)",
				);
				INFOPLIST_FILE = function_simTests/Info.plist;
				LD_RUNPATH_SEARCH_PATHS = "$(inherited) @executable_path/Frameworks @loader_path/Frameworks";
				PRODUCT_NAME = "$(TARGET_NAME)";
				TEST_HOST = "$(BUILT_PRODUCTS_DIR)/function_sim.app/function_sim";
			};
			name = Release;
		};
/* End XCBuildConfiguration section */

/* Begin XCConfigurationList section */
		7E74F0801AC09A7200639AB3 /* Build configuration list for PBXProject "function_sim" */ = {
			isa = XCConfigurationList;
			buildConfigurations = (
				7E74F0A61AC09A7200639AB3 /* Debug */,
				7E74F0A71AC09A7200639AB3 /* Release */,
			);
			defaultConfigurationIsVisible = 0;
			defaultConfigurationName = Release;
		};
		7E74F0A81AC09A7200639AB3 /* Build configuration list for PBXNativeTarget "function_sim" */ = {
			isa = XCConfigurationList;
			buildConfigurations = (
				7E74F0A91AC09A7200639AB3 /* Debug */,
				7E74F0AA1AC09A7200639AB3 /* Release */,
			);
			defaultConfigurationIsVisible = 0;
			defaultConfigurationName = Release;
		};
		7E74F0AB1AC09A7200639AB3 /* Build configuration list for PBXNativeTarget "function_simTests" */ = {
			isa = XCConfigurationList;
			buildConfigurations = (
				7E74F0AC1AC09A7200639AB3 /* Debug */,
				7E74F0AD1AC09A7200639AB3 /* Release */,
			);
			defaultConfigurationIsVisible = 0;
			defaultConfigurationName = Release;
		};
/* End XCConfigurationList section */
	};
	rootObject = 7E74F07D1AC09A7200639AB3 /* Project object */;
}
